
Microsoft Visual Studio Solution File, Format Version 12.00
# Visual Studio Version 16
VisualStudioVersion = 16.0.30717.126
MinimumVisualStudioVersion = 10.0.40219.1
Project("{FAE04EC0-301F-11D3-BF4B-00C04F79EFBC}") = "Trabalhando-Arquivos", "Trabalhando-Arquivos\Trabalhando-Arquivos.csproj", "{0D406832-7A68-4B40-A7D1-3E724AE37291}"
EndProject
Project("{2150E333-8FDC-42A3-9474-1A3956D46DE8}") = "Main", "Main", "{2E2D3D6A-73D6-4494-B25A-BA957F24D223}"
EndProject
Global
	GlobalSection(SolutionConfigurationPlatforms) = preSolution
		Debug|Any CPU = Debug|Any CPU
		Release|Any CPU = Release|Any CPU
	EndGlobalSection
	GlobalSection(ProjectConfigurationPlatforms) = postSolution
		{0D406832-7A68-4B40-A7D1-3E724AE37291}.Debug|Any CPU.ActiveCfg = Debug|Any CPU
		{0D406832-7A68-4B40-A7D1-3E724AE37291}.Debug|Any CPU.Build.0 = Debug|Any CPU
		{0D406832-7A68-4B40-A7D1-3E724AE37291}.Release|Any CPU.ActiveCfg = Release|Any CPU
		{0D406832-7A68-4B40-A7D1-3E724AE37291}.Release|Any CPU.Build.0 = Release|Any CPU
	EndGlobalSection
	GlobalSection(SolutionProperties) = preSolution
		HideSolutionNode = FALSE
	EndGlobalSection
	GlobalSection(NestedProjects) = preSolution
		{0D406832-7A68-4B40-A7D1-3E724AE37291} = {2E2D3D6A-73D6-4494-B25A-BA957F24D223}
	EndGlobalSection
	GlobalSection(ExtensibilityGlobals) = postSolution
		SolutionGuid = {2DBACFF4-9E17-42BF-905D-6CF16F716C82}
	EndGlobalSection
EndGlobal
